
Microsoft Visual Studio Solution File, Format Version 12.00
# Visual Studio Version 17
VisualStudioVersion = 17.6.33717.318
MinimumVisualStudioVersion = 10.0.40219.1
Project("{FAE04EC0-301F-11D3-BF4B-00C04F79EFBC}") = "OnlineBookShop", "OnlineBookShop.csproj", "{2A45229D-9EF9-4D41-A0A4-C2930EA1C693}"
EndProject
Global
	GlobalSection(SolutionConfigurationPlatforms) = preSolution
		Debug|Any CPU = Debug|Any CPU
		Release|Any CPU = Release|Any CPU
	EndGlobalSection
	GlobalSection(ProjectConfigurationPlatforms) = postSolution
		{2A45229D-9EF9-4D41-A0A4-C2930EA1C693}.Debug|Any CPU.ActiveCfg = Debug|Any CPU
		{2A45229D-9EF9-4D41-A0A4-C2930EA1C693}.Debug|Any CPU.Build.0 = Debug|Any CPU
		{2A45229D-9EF9-4D41-A0A4-C2930EA1C693}.Release|Any CPU.ActiveCfg = Release|Any CPU
		{2A45229D-9EF9-4D41-A0A4-C2930EA1C693}.Release|Any CPU.Build.0 = Release|Any CPU
	EndGlobalSection
	GlobalSection(SolutionProperties) = preSolution
		HideSolutionNode = FALSE
	EndGlobalSection
	GlobalSection(ExtensibilityGlobals) = postSolution
		SolutionGuid = {6C8C370E-9C7D-4D22-8622-593A3004E388}
	EndGlobalSection
EndGlobal
